// !$*UTF8*$!
{
	archiveVersion = 1;
	classes = {
	};
	objectVersion = 56;
	objects = {

/* Begin PBXBuildFile section */
		F940D4C728D262B300AC4613 /* RockerApp.swift in Sources */ = {isa = PBXBuildFile; fileRef = F940D4C628D262B300AC4613 /* RockerApp.swift */; };
		F940D4C928D262B300AC4613 /* ContentView.swift in Sources */ = {isa = PBXBuildFile; fileRef = F940D4C828D262B300AC4613 /* ContentView.swift */; };
		F940D4CB28D262B700AC4613 /* Assets.xcassets in Resources */ = {isa = PBXBuildFile; fileRef = F940D4CA28D262B700AC4613 /* Assets.xcassets */; };
		F940D4CF28D262B700AC4613 /* Preview Assets.xcassets in Resources */ = {isa = PBXBuildFile; fileRef = F940D4CE28D262B700AC4613 /* Preview Assets.xcassets */; };
		F940D4D928D262B800AC4613 /* RockerTests.swift in Sources */ = {isa = PBXBuildFile; fileRef = F940D4D828D262B800AC4613 /* RockerTests.swift */; };
		F940D4E328D262B800AC4613 /* RockerUITests.swift in Sources */ = {isa = PBXBuildFile; fileRef = F940D4E228D262B800AC4613 /* RockerUITests.swift */; };
		F940D4E528D262B800AC4613 /* RockerUITestsLaunchTests.swift in Sources */ = {isa = PBXBuildFile; fileRef = F940D4E428D262B800AC4613 /* RockerUITestsLaunchTests.swift */; };
/* End PBXBuildFile section */

/* Begin PBXContainerItemProxy section */
		F940D4D528D262B800AC4613 /* PBXContainerItemProxy */ = {
			isa = PBXContainerItemProxy;
			containerPortal = F940D4BB28D262B300AC4613 /* Project object */;
			proxyType = 1;
			remoteGlobalIDString = F940D4C228D262B300AC4613;
			remoteInfo = Rocker;
		};
		F940D4DF28D262B800AC4613 /* PBXContainerItemProxy */ = {
			isa = PBXContainerItemProxy;
			containerPortal = F940D4BB28D262B300AC4613 /* Project object */;
			proxyType = 1;
			remoteGlobalIDString = F940D4C228D262B300AC4613;
			remoteInfo = Rocker;
		};
/* End PBXContainerItemProxy section */

/* Begin PBXFileReference section */
		F940D4C328D262B300AC4613 /* Rocker.app */ = {isa = PBXFileReference; explicitFileType = wrapper.application; includeInIndex = 0; path = Rocker.app; sourceTree = BUILT_PRODUCTS_DIR; };
		F940D4C628D262B300AC4613 /* RockerApp.swift */ = {isa = PBXFileReference; lastKnownFileType = sourcecode.swift; path = RockerApp.swift; sourceTree = "<group>"; };
		F940D4C828D262B300AC4613 /* ContentView.swift */ = {isa = PBXFileReference; lastKnownFileType = sourcecode.swift; path = ContentView.swift; sourceTree = "<group>"; };
		F940D4CA28D262B700AC4613 /* Assets.xcassets */ = {isa = PBXFileReference; lastKnownFileType = folder.assetcatalog; path = Assets.xcassets; sourceTree = "<group>"; };
		F940D4CC28D262B700AC4613 /* Rocker.entitlements */ = {isa = PBXFileReference; lastKnownFileType = text.plist.entitlements; path = Rocker.entitlements; sourceTree = "<group>"; };
		F940D4CE28D262B700AC4613 /* Preview Assets.xcassets */ = {isa = PBXFileReference; lastKnownFileType = folder.assetcatalog; path = "Preview Assets.xcassets"; sourceTree = "<group>"; };
		F940D4D428D262B800AC4613 /* RockerTests.xctest */ = {isa = PBXFileReference; explicitFileType = wrapper.cfbundle; includeInIndex = 0; path = RockerTests.xctest; sourceTree = BUILT_PRODUCTS_DIR; };
		F940D4D828D262B800AC4613 /* RockerTests.swift */ = {isa = PBXFileReference; lastKnownFileType = sourcecode.swift; path = RockerTests.swift; sourceTree = "<group>"; };
		F940D4DE28D262B800AC4613 /* RockerUITests.xctest */ = {isa = PBXFileReference; explicitFileType = wrapper.cfbundle; includeInIndex = 0; path = RockerUITests.xctest; sourceTree = BUILT_PRODUCTS_DIR; };
		F940D4E228D262B800AC4613 /* RockerUITests.swift */ = {isa = PBXFileReference; lastKnownFileType = sourcecode.swift; path = RockerUITests.swift; sourceTree = "<group>"; };
		F940D4E428D262B800AC4613 /* RockerUITestsLaunchTests.swift */ = {isa = PBXFileReference; lastKnownFileType = sourcecode.swift; path = RockerUITestsLaunchTests.swift; sourceTree = "<group>"; };
/* End PBXFileReference section */

/* Begin PBXFrameworksBuildPhase section */
		F940D4C028D262B300AC4613 /* Frameworks */ = {
			isa = PBXFrameworksBuildPhase;
			buildActionMask = 2147483647;
			files = (
			);
			runOnlyForDeploymentPostprocessing = 0;
		};
		F940D4D128D262B800AC4613 /* Frameworks */ = {
			isa = PBXFrameworksBuildPhase;
			buildActionMask = 2147483647;
			files = (
			);
			runOnlyForDeploymentPostprocessing = 0;
		};
		F940D4DB28D262B800AC4613 /* Frameworks */ = {
			isa = PBXFrameworksBuildPhase;
			buildActionMask = 2147483647;
			files = (
			);
			runOnlyForDeploymentPostprocessing = 0;
		};
/* End PBXFrameworksBuildPhase section */

/* Begin PBXGroup section */
		F940D4BA28D262B300AC4613 = {
			isa = PBXGroup;
			children = (
				F940D4C528D262B300AC4613 /* Rocker */,
				F940D4D728D262B800AC4613 /* RockerTests */,
				F940D4E128D262B800AC4613 /* RockerUITests */,
				F940D4C428D262B300AC4613 /* Products */,
			);
			sourceTree = "<group>";
		};
		F940D4C428D262B300AC4613 /* Products */ = {
			isa = PBXGroup;
			children = (
				F940D4C328D262B300AC4613 /* Rocker.app */,
				F940D4D428D262B800AC4613 /* RockerTests.xctest */,
				F940D4DE28D262B800AC4613 /* RockerUITests.xctest */,
			);
			name = Products;
			sourceTree = "<group>";
		};
		F940D4C528D262B300AC4613 /* Rocker */ = {
			isa = PBXGroup;
			children = (
				F940D4C628D262B300AC4613 /* RockerApp.swift */,
				F940D4C828D262B300AC4613 /* ContentView.swift */,
				F940D4CA28D262B700AC4613 /* Assets.xcassets */,
				F940D4CC28D262B700AC4613 /* Rocker.entitlements */,
				F940D4CD28D262B700AC4613 /* Preview Content */,
			);
			path = Rocker;
			sourceTree = "<group>";
		};
		F940D4CD28D262B700AC4613 /* Preview Content */ = {
			isa = PBXGroup;
			children = (
				F940D4CE28D262B700AC4613 /* Preview Assets.xcassets */,
			);
			path = "Preview Content";
			sourceTree = "<group>";
		};
		F940D4D728D262B800AC4613 /* RockerTests */ = {
			isa = PBXGroup;
			children = (
				F940D4D828D262B800AC4613 /* RockerTests.swift */,
			);
			path = RockerTests;
			sourceTree = "<group>";
		};
		F940D4E128D262B800AC4613 /* RockerUITests */ = {
			isa = PBXGroup;
			children = (
				F940D4E228D262B800AC4613 /* RockerUITests.swift */,
				F940D4E428D262B800AC4613 /* RockerUITestsLaunchTests.swift */,
			);
			path = RockerUITests;
			sourceTree = "<group>";
		};
/* End PBXGroup section */

/* Begin PBXNativeTarget section */
		F940D4C228D262B300AC4613 /* Rocker */ = {
			isa = PBXNativeTarget;
			buildConfigurationList = F940D4E828D262B800AC4613 /* Build configuration list for PBXNativeTarget "Rocker" */;
			buildPhases = (
				F940D4BF28D262B300AC4613 /* Sources */,
				F940D4C028D262B300AC4613 /* Frameworks */,
				F940D4C128D262B300AC4613 /* Resources */,
			);
			buildRules = (
			);
			dependencies = (
			);
			name = Rocker;
			productName = Rocker;
			productReference = F940D4C328D262B300AC4613 /* Rocker.app */;
			productType = "com.apple.product-type.application";
		};
		F940D4D328D262B800AC4613 /* RockerTests */ = {
			isa = PBXNativeTarget;
			buildConfigurationList = F940D4EB28D262B800AC4613 /* Build configuration list for PBXNativeTarget "RockerTests" */;
			buildPhases = (
				F940D4D028D262B800AC4613 /* Sources */,
				F940D4D128D262B800AC4613 /* Frameworks */,
				F940D4D228D262B800AC4613 /* Resources */,
			);
			buildRules = (
			);
			dependencies = (
				F940D4D628D262B800AC4613 /* PBXTargetDependency */,
			);
			name = RockerTests;
			productName = RockerTests;
			productReference = F940D4D428D262B800AC4613 /* RockerTests.xctest */;
			productType = "com.apple.product-type.bundle.unit-test";
		};
		F940D4DD28D262B800AC4613 /* RockerUITests */ = {
			isa = PBXNativeTarget;
			buildConfigurationList = F940D4EE28D262B800AC4613 /* Build configuration list for PBXNativeTarget "RockerUITests" */;
			buildPhases = (
				F940D4DA28D262B800AC4613 /* Sources */,
				F940D4DB28D262B800AC4613 /* Frameworks */,
				F940D4DC28D262B800AC4613 /* Resources */,
			);
			buildRules = (
			);
			dependencies = (
				F940D4E028D262B800AC4613 /* PBXTargetDependency */,
			);
			name = RockerUITests;
			productName = RockerUITests;
			productReference = F940D4DE28D262B800AC4613 /* RockerUITests.xctest */;
			productType = "com.apple.product-type.bundle.ui-testing";
		};
/* End PBXNativeTarget section */

/* Begin PBXProject section */
		F940D4BB28D262B300AC4613 /* Project object */ = {
			isa = PBXProject;
			attributes = {
				BuildIndependentTargetsInParallel = 1;
				LastSwiftUpdateCheck = 1400;
				LastUpgradeCheck = 1400;
				TargetAttributes = {
					F940D4C228D262B300AC4613 = {
						CreatedOnToolsVersion = 14.0;
					};
					F940D4D328D262B800AC4613 = {
						CreatedOnToolsVersion = 14.0;
						TestTargetID = F940D4C228D262B300AC4613;
					};
					F940D4DD28D262B800AC4613 = {
						CreatedOnToolsVersion = 14.0;
						TestTargetID = F940D4C228D262B300AC4613;
					};
				};
			};
			buildConfigurationList = F940D4BE28D262B300AC4613 /* Build configuration list for PBXProject "Rocker" */;
			compatibilityVersion = "Xcode 14.0";
			developmentRegion = en;
			hasScannedForEncodings = 0;
			knownRegions = (
				en,
				Base,
			);
			mainGroup = F940D4BA28D262B300AC4613;
			productRefGroup = F940D4C428D262B300AC4613 /* Products */;
			projectDirPath = "";
			projectRoot = "";
			targets = (
				F940D4C228D262B300AC4613 /* Rocker */,
				F940D4D328D262B800AC4613 /* RockerTests */,
				F940D4DD28D262B800AC4613 /* RockerUITests */,
			);
		};
/* End PBXProject section */

/* Begin PBXResourcesBuildPhase section */
		F940D4C128D262B300AC4613 /* Resources */ = {
			isa = PBXResourcesBuildPhase;
			buildActionMask = 2147483647;
			files = (
				F940D4CF28D262B700AC4613 /* Preview Assets.xcassets in Resources */,
				F940D4CB28D262B700AC4613 /* Assets.xcassets in Resources */,
			);
			runOnlyForDeploymentPostprocessing = 0;
		};
		F940D4D228D262B800AC4613 /* Resources */ = {
			isa = PBXResourcesBuildPhase;
			buildActionMask = 2147483647;
			files = (
			);
			runOnlyForDeploymentPostprocessing = 0;
		};
		F940D4DC28D262B800AC4613 /* Resources */ = {
			isa = PBXResourcesBuildPhase;
			buildActionMask = 2147483647;
			files = (
			);
			runOnlyForDeploymentPostprocessing = 0;
		};
/* End PBXResourcesBuildPhase section */

/* Begin PBXSourcesBuildPhase section */
		F940D4BF28D262B300AC4613 /* Sources */ = {
			isa = PBXSourcesBuildPhase;
			buildActionMask = 2147483647;
			files = (
				F940D4C928D262B300AC4613 /* ContentView.swift in Sources */,
				F940D4C728D262B300AC4613 /* RockerApp.swift in Sources */,
			);
			runOnlyForDeploymentPostprocessing = 0;
		};
		F940D4D028D262B800AC4613 /* Sources */ = {
			isa = PBXSourcesBuildPhase;
			buildActionMask = 2147483647;
			files = (
				F940D4D928D262B800AC4613 /* RockerTests.swift in Sources */,
			);
			runOnlyForDeploymentPostprocessing = 0;
		};
		F940D4DA28D262B800AC4613 /* Sources */ = {
			isa = PBXSourcesBuildPhase;
			buildActionMask = 2147483647;
			files = (
				F940D4E528D262B800AC4613 /* RockerUITestsLaunchTests.swift in Sources */,
				F940D4E328D262B800AC4613 /* RockerUITests.swift in Sources */,
			);
			runOnlyForDeploymentPostprocessing = 0;
		};
/* End PBXSourcesBuildPhase section */

/* Begin PBXTargetDependency section */
		F940D4D628D262B800AC4613 /* PBXTargetDependency */ = {
			isa = PBXTargetDependency;
			target = F940D4C228D262B300AC4613 /* Rocker */;
			targetProxy = F940D4D528D262B800AC4613 /* PBXContainerItemProxy */;
		};
		F940D4E028D262B800AC4613 /* PBXTargetDependency */ = {
			isa = PBXTargetDependency;
			target = F940D4C228D262B300AC4613 /* Rocker */;
			targetProxy = F940D4DF28D262B800AC4613 /* PBXContainerItemProxy */;
		};
/* End PBXTargetDependency section */

/* Begin XCBuildConfiguration section */
		F940D4E628D262B800AC4613 /* Debug */ = {
			isa = XCBuildConfiguration;
			buildSettings = {
				ALWAYS_SEARCH_USER_PATHS = NO;
				CLANG_ANALYZER_NONNULL = YES;
				CLANG_ANALYZER_NUMBER_OBJECT_CONVERSION = YES_AGGRESSIVE;
				CLANG_CXX_LANGUAGE_STANDARD = "gnu++20";
				CLANG_ENABLE_MODULES = YES;
				CLANG_ENABLE_OBJC_ARC = YES;
				CLANG_ENABLE_OBJC_WEAK = YES;
				CLANG_WARN_BLOCK_CAPTURE_AUTORELEASING = YES;
				CLANG_WARN_BOOL_CONVERSION = YES;
				CLANG_WARN_COMMA = YES;
				CLANG_WARN_CONSTANT_CONVERSION = YES;
				CLANG_WARN_DEPRECATED_OBJC_IMPLEMENTATIONS = YES;
				CLANG_WARN_DIRECT_OBJC_ISA_USAGE = YES_ERROR;
				CLANG_WARN_DOCUMENTATION_COMMENTS = YES;
				CLANG_WARN_EMPTY_BODY = YES;
				CLANG_WARN_ENUM_CONVERSION = YES;
				CLANG_WARN_INFINITE_RECURSION = YES;
				CLANG_WARN_INT_CONVERSION = YES;
				CLANG_WARN_NON_LITERAL_NULL_CONVERSION = YES;
				CLANG_WARN_OBJC_IMPLICIT_RETAIN_SELF = YES;
				CLANG_WARN_OBJC_LITERAL_CONVERSION = YES;
				CLANG_WARN_OBJC_ROOT_CLASS = YES_ERROR;
				CLANG_WARN_QUOTED_INCLUDE_IN_FRAMEWORK_HEADER = YES;
				CLANG_WARN_RANGE_LOOP_ANALYSIS = YES;
				CLANG_WARN_STRICT_PROTOTYPES = YES;
				CLANG_WARN_SUSPICIOUS_MOVE = YES;
				CLANG_WARN_UNGUARDED_AVAILABILITY = YES_AGGRESSIVE;
				CLANG_WARN_UNREACHABLE_CODE = YES;
				CLANG_WARN__DUPLICATE_METHOD_MATCH = YES;
				COPY_PHASE_STRIP = NO;
				DEBUG_INFORMATION_FORMAT = dwarf;
				ENABLE_STRICT_OBJC_MSGSEND = YES;
				ENABLE_TESTABILITY = YES;
				GCC_C_LANGUAGE_STANDARD = gnu11;
				GCC_DYNAMIC_NO_PIC = NO;
				GCC_NO_COMMON_BLOCKS = YES;
				GCC_OPTIMIZATION_LEVEL = 0;
				GCC_PREPROCESSOR_DEFINITIONS = (
					"DEBUG=1",
					"$(inherited)",
				);
				GCC_WARN_64_TO_32_BIT_CONVERSION = YES;
				GCC_WARN_ABOUT_RETURN_TYPE = YES_ERROR;
				GCC_WARN_UNDECLARED_SELECTOR = YES;
				GCC_WARN_UNINITIALIZED_AUTOS = YES_AGGRESSIVE;
				GCC_WARN_UNUSED_FUNCTION = YES;
				GCC_WARN_UNUSED_VARIABLE = YES;
				MTL_ENABLE_DEBUG_INFO = INCLUDE_SOURCE;
				MTL_FAST_MATH = YES;
				ONLY_ACTIVE_ARCH = YES;
				SWIFT_ACTIVE_COMPILATION_CONDITIONS = DEBUG;
				SWIFT_OPTIMIZATION_LEVEL = "-Onone";
			};
			name = Debug;
		};
		F940D4E728D262B800AC4613 /* Release */ = {
			isa = XCBuildConfiguration;
			buildSettings = {
				ALWAYS_SEARCH_USER_PATHS = NO;
				CLANG_ANALYZER_NONNULL = YES;
				CLANG_ANALYZER_NUMBER_OBJECT_CONVERSION = YES_AGGRESSIVE;
				CLANG_CXX_LANGUAGE_STANDARD = "gnu++20";
				CLANG_ENABLE_MODULES = YES;
				CLANG_ENABLE_OBJC_ARC = YES;
				CLANG_ENABLE_OBJC_WEAK = YES;
				CLANG_WARN_BLOCK_CAPTURE_AUTORELEASING = YES;
				CLANG_WARN_BOOL_CONVERSION = YES;
				CLANG_WARN_COMMA = YES;
				CLANG_WARN_CONSTANT_CONVERSION = YES;
				CLANG_WARN_DEPRECATED_OBJC_IMPLEMENTATIONS = YES;
				CLANG_WARN_DIRECT_OBJC_ISA_USAGE = YES_ERROR;
				CLANG_WARN_DOCUMENTATION_COMMENTS = YES;
				CLANG_WARN_EMPTY_BODY = YES;
				CLANG_WARN_ENUM_CONVERSION = YES;
				CLANG_WARN_INFINITE_RECURSION = YES;
				CLANG_WARN_INT_CONVERSION = YES;
				CLANG_WARN_NON_LITERAL_NULL_CONVERSION = YES;
				CLANG_WARN_OBJC_IMPLICIT_RETAIN_SELF = YES;
				CLANG_WARN_OBJC_LITERAL_CONVERSION = YES;
				CLANG_WARN_OBJC_ROOT_CLASS = YES_ERROR;
				CLANG_WARN_QUOTED_INCLUDE_IN_FRAMEWORK_HEADER = YES;
				CLANG_WARN_RANGE_LOOP_ANALYSIS = YES;
				CLANG_WARN_STRICT_PROTOTYPES = YES;
				CLANG_WARN_SUSPICIOUS_MOVE = YES;
				CLANG_WARN_UNGUARDED_AVAILABILITY = YES_AGGRESSIVE;
				CLANG_WARN_UNREACHABLE_CODE = YES;
				CLANG_WARN__DUPLICATE_METHOD_MATCH = YES;
				COPY_PHASE_STRIP = NO;
				DEBUG_INFORMATION_FORMAT = "dwarf-with-dsym";
				ENABLE_NS_ASSERTIONS = NO;
				ENABLE_STRICT_OBJC_MSGSEND = YES;
				GCC_C_LANGUAGE_STANDARD = gnu11;
				GCC_NO_COMMON_BLOCKS = YES;
				GCC_WARN_64_TO_32_BIT_CONVERSION = YES;
				GCC_WARN_ABOUT_RETURN_TYPE = YES_ERROR;
				GCC_WARN_UNDECLARED_SELECTOR = YES;
				GCC_WARN_UNINITIALIZED_AUTOS = YES_AGGRESSIVE;
				GCC_WARN_UNUSED_FUNCTION = YES;
				GCC_WARN_UNUSED_VARIABLE = YES;
				MTL_ENABLE_DEBUG_INFO = NO;
				MTL_FAST_MATH = YES;
				SWIFT_COMPILATION_MODE = wholemodule;
				SWIFT_OPTIMIZATION_LEVEL = "-O";
			};
			name = Release;
		};
		F940D4E928D262B800AC4613 /* Debug */ = {
			isa = XCBuildConfiguration;
			buildSettings = {
				ASSETCATALOG_COMPILER_APPICON_NAME = AppIcon;
				ASSETCATALOG_COMPILER_GLOBAL_ACCENT_COLOR_NAME = AccentColor;
				CODE_SIGN_ENTITLEMENTS = Rocker/Rocker.entitlements;
				CODE_SIGN_STYLE = Automatic;
				CURRENT_PROJECT_VERSION = 1;
				DEVELOPMENT_ASSET_PATHS = "\"Rocker/Preview Content\"";
				ENABLE_PREVIEWS = YES;
				GENERATE_INFOPLIST_FILE = YES;
				"INFOPLIST_KEY_UIApplicationSceneManifest_Generation[sdk=iphoneos*]" = YES;
				"INFOPLIST_KEY_UIApplicationSceneManifest_Generation[sdk=iphonesimulator*]" = YES;
				"INFOPLIST_KEY_UIApplicationSupportsIndirectInputEvents[sdk=iphoneos*]" = YES;
				"INFOPLIST_KEY_UIApplicationSupportsIndirectInputEvents[sdk=iphonesimulator*]" = YES;
				"INFOPLIST_KEY_UILaunchScreen_Generation[sdk=iphoneos*]" = YES;
				"INFOPLIST_KEY_UILaunchScreen_Generation[sdk=iphonesimulator*]" = YES;
				"INFOPLIST_KEY_UIStatusBarStyle[sdk=iphoneos*]" = UIStatusBarStyleDefault;
				"INFOPLIST_KEY_UIStatusBarStyle[sdk=iphonesimulator*]" = UIStatusBarStyleDefault;
				INFOPLIST_KEY_UISupportedInterfaceOrientations_iPad = "UIInterfaceOrientationPortrait UIInterfaceOrientationPortraitUpsideDown UIInterfaceOrientationLandscapeLeft UIInterfaceOrientationLandscapeRight";
				INFOPLIST_KEY_UISupportedInterfaceOrientations_iPhone = "UIInterfaceOrientationPortrait UIInterfaceOrientationLandscapeLeft UIInterfaceOrientationLandscapeRight";
				IPHONEOS_DEPLOYMENT_TARGET = 16.0;
				LD_RUNPATH_SEARCH_PATHS = "@executable_path/Frameworks";
				"LD_RUNPATH_SEARCH_PATHS[sdk=macosx*]" = "@executable_path/../Frameworks";
				MACOSX_DEPLOYMENT_TARGET = 12.3;
				MARKETING_VERSION = 1.0;
				PRODUCT_BUNDLE_IDENTIFIER = Elirach.Rocker;
				PRODUCT_NAME = "$(TARGET_NAME)";
				SDKROOT = auto;
				SUPPORTED_PLATFORMS = "iphoneos iphonesimulator macosx";
				SWIFT_EMIT_LOC_STRINGS = YES;
				SWIFT_VERSION = 5.0;
				TARGETED_DEVICE_FAMILY = "1,2";
			};
			name = Debug;
		};
		F940D4EA28D262B800AC4613 /* Release */ = {
			isa = XCBuildConfiguration;
			buildSettings = {
				ASSETCATALOG_COMPILER_APPICON_NAME = AppIcon;
				ASSETCATALOG_COMPILER_GLOBAL_ACCENT_COLOR_NAME = AccentColor;
				CODE_SIGN_ENTITLEMENTS = Rocker/Rocker.entitlements;
				CODE_SIGN_STYLE = Automatic;
				CURRENT_PROJECT_VERSION = 1;
				DEVELOPMENT_ASSET_PATHS = "\"Rocker/Preview Content\"";
				ENABLE_PREVIEWS = YES;
				GENERATE_INFOPLIST_FILE = YES;
				"INFOPLIST_KEY_UIApplicationSceneManifest_Generation[sdk=iphoneos*]" = YES;
				"INFOPLIST_KEY_UIApplicationSceneManifest_Generation[sdk=iphonesimulator*]" = YES;
				"INFOPLIST_KEY_UIApplicationSupportsIndirectInputEvents[sdk=iphoneos*]" = YES;
				"INFOPLIST_KEY_UIApplicationSupportsIndirectInputEvents[sdk=iphonesimulator*]" = YES;
				"INFOPLIST_KEY_UILaunchScreen_Generation[sdk=iphoneos*]" = YES;
				"INFOPLIST_KEY_UILaunchScreen_Generation[sdk=iphonesimulator*]" = YES;
				"INFOPLIST_KEY_UIStatusBarStyle[sdk=iphoneos*]" = UIStatusBarStyleDefault;
				"INFOPLIST_KEY_UIStatusBarStyle[sdk=iphonesimulator*]" = UIStatusBarStyleDefault;
				INFOPLIST_KEY_UISupportedInterfaceOrientations_iPad = "UIInterfaceOrientationPortrait UIInterfaceOrientationPortraitUpsideDown UIInterfaceOrientationLandscapeLeft UIInterfaceOrientationLandscapeRight";
				INFOPLIST_KEY_UISupportedInterfaceOrientations_iPhone = "UIInterfaceOrientationPortrait UIInterfaceOrientationLandscapeLeft UIInterfaceOrientationLandscapeRight";
				IPHONEOS_DEPLOYMENT_TARGET = 16.0;
				LD_RUNPATH_SEARCH_PATHS = "@executable_path/Frameworks";
				"LD_RUNPATH_SEARCH_PATHS[sdk=macosx*]" = "@executable_path/../Frameworks";
				MACOSX_DEPLOYMENT_TARGET = 12.3;
				MARKETING_VERSION = 1.0;
				PRODUCT_BUNDLE_IDENTIFIER = Elirach.Rocker;
				PRODUCT_NAME = "$(TARGET_NAME)";
				SDKROOT = auto;
				SUPPORTED_PLATFORMS = "iphoneos iphonesimulator macosx";
				SWIFT_EMIT_LOC_STRINGS = YES;
				SWIFT_VERSION = 5.0;
				TARGETED_DEVICE_FAMILY = "1,2";
			};
			name = Release;
		};
		F940D4EC28D262B800AC4613 /* Debug */ = {
			isa = XCBuildConfiguration;
			buildSettings = {
				ALWAYS_EMBED_SWIFT_STANDARD_LIBRARIES = YES;
				BUNDLE_LOADER = "$(TEST_HOST)";
				CODE_SIGN_STYLE = Automatic;
				CURRENT_PROJECT_VERSION = 1;
				GENERATE_INFOPLIST_FILE = YES;
				IPHONEOS_DEPLOYMENT_TARGET = 16.0;
				MACOSX_DEPLOYMENT_TARGET = 12.3;
				MARKETING_VERSION = 1.0;
				PRODUCT_BUNDLE_IDENTIFIER = Elirach.RockerTests;
				PRODUCT_NAME = "$(TARGET_NAME)";
				SDKROOT = auto;
				SUPPORTED_PLATFORMS = "iphoneos iphonesimulator macosx";
				SWIFT_EMIT_LOC_STRINGS = NO;
				SWIFT_VERSION = 5.0;
				TARGETED_DEVICE_FAMILY = "1,2";
				TEST_HOST = "$(BUILT_PRODUCTS_DIR)/Rocker.app/$(BUNDLE_EXECUTABLE_FOLDER_PATH)/Rocker";
			};
			name = Debug;
		};
		F940D4ED28D262B800AC4613 /* Release */ = {
			isa = XCBuildConfiguration;
			buildSettings = {
				ALWAYS_EMBED_SWIFT_STANDARD_LIBRARIES = YES;
				BUNDLE_LOADER = "$(TEST_HOST)";
				CODE_SIGN_STYLE = Automatic;
				CURRENT_PROJECT_VERSION = 1;
				GENERATE_INFOPLIST_FILE = YES;
				IPHONEOS_DEPLOYMENT_TARGET = 16.0;
				MACOSX_DEPLOYMENT_TARGET = 12.3;
				MARKETING_VERSION = 1.0;
				PRODUCT_BUNDLE_IDENTIFIER = Elirach.RockerTests;
				PRODUCT_NAME = "$(TARGET_NAME)";
				SDKROOT = auto;
				SUPPORTED_PLATFORMS = "iphoneos iphonesimulator macosx";
				SWIFT_EMIT_LOC_STRINGS = NO;
				SWIFT_VERSION = 5.0;
				TARGETED_DEVICE_FAMILY = "1,2";
				TEST_HOST = "$(BUILT_PRODUCTS_DIR)/Rocker.app/$(BUNDLE_EXECUTABLE_FOLDER_PATH)/Rocker";
			};
			name = Release;
		};
		F940D4EF28D262B800AC4613 /* Debug */ = {
			isa = XCBuildConfiguration;
			buildSettings = {
				ALWAYS_EMBED_SWIFT_STANDARD_LIBRARIES = YES;
				CODE_SIGN_STYLE = Automatic;
				CURRENT_PROJECT_VERSION = 1;
				GENERATE_INFOPLIST_FILE = YES;
				IPHONEOS_DEPLOYMENT_TARGET = 16.0;
				MACOSX_DEPLOYMENT_TARGET = 12.3;
				MARKETING_VERSION = 1.0;
				PRODUCT_BUNDLE_IDENTIFIER = Elirach.RockerUITests;
				PRODUCT_NAME = "$(TARGET_NAME)";
				SDKROOT = auto;
				SUPPORTED_PLATFORMS = "iphoneos iphonesimulator macosx";
				SWIFT_EMIT_LOC_STRINGS = NO;
				SWIFT_VERSION = 5.0;
				TARGETED_DEVICE_FAMILY = "1,2";
				TEST_TARGET_NAME = Rocker;
			};
			name = Debug;
		};
		F940D4F028D262B800AC4613 /* Release */ = {
			isa = XCBuildConfiguration;
			buildSettings = {
				ALWAYS_EMBED_SWIFT_STANDARD_LIBRARIES = YES;
				CODE_SIGN_STYLE = Automatic;
				CURRENT_PROJECT_VERSION = 1;
				GENERATE_INFOPLIST_FILE = YES;
				IPHONEOS_DEPLOYMENT_TARGET = 16.0;
				MACOSX_DEPLOYMENT_TARGET = 12.3;
				MARKETING_VERSION = 1.0;
				PRODUCT_BUNDLE_IDENTIFIER = Elirach.RockerUITests;
				PRODUCT_NAME = "$(TARGET_NAME)";
				SDKROOT = auto;
				SUPPORTED_PLATFORMS = "iphoneos iphonesimulator macosx";
				SWIFT_EMIT_LOC_STRINGS = NO;
				SWIFT_VERSION = 5.0;
				TARGETED_DEVICE_FAMILY = "1,2";
				TEST_TARGET_NAME = Rocker;
			};
			name = Release;
		};
/* End XCBuildConfiguration section */

/* Begin XCConfigurationList section */
		F940D4BE28D262B300AC4613 /* Build configuration list for PBXProject "Rocker" */ = {
			isa = XCConfigurationList;
			buildConfigurations = (
				F940D4E628D262B800AC4613 /* Debug */,
				F940D4E728D262B800AC4613 /* Release */,
			);
			defaultConfigurationIsVisible = 0;
			defaultConfigurationName = Release;
		};
		F940D4E828D262B800AC4613 /* Build configuration list for PBXNativeTarget "Rocker" */ = {
			isa = XCConfigurationList;
			buildConfigurations = (
				F940D4E928D262B800AC4613 /* Debug */,
				F940D4EA28D262B800AC4613 /* Release */,
			);
			defaultConfigurationIsVisible = 0;
			defaultConfigurationName = Release;
		};
		F940D4EB28D262B800AC4613 /* Build configuration list for PBXNativeTarget "RockerTests" */ = {
			isa = XCConfigurationList;
			buildConfigurations = (
				F940D4EC28D262B800AC4613 /* Debug */,
				F940D4ED28D262B800AC4613 /* Release */,
			);
			defaultConfigurationIsVisible = 0;
			defaultConfigurationName = Release;
		};
		F940D4EE28D262B800AC4613 /* Build configuration list for PBXNativeTarget "RockerUITests" */ = {
			isa = XCConfigurationList;
			buildConfigurations = (
				F940D4EF28D262B800AC4613 /* Debug */,
				F940D4F028D262B800AC4613 /* Release */,
			);
			defaultConfigurationIsVisible = 0;
			defaultConfigurationName = Release;
		};
/* End XCConfigurationList section */
	};
	rootObject = F940D4BB28D262B300AC4613 /* Project object */;
}
